// !$*UTF8*$!
{
	archiveVersion = 1;
	classes = {
	};
	objectVersion = 56;
	objects = {

/* Begin PBXBuildFile section */
		EE03260F2D1A280B00449084 /* Pill_CarouselApp.swift in Sources */ = {isa = PBXBuildFile; fileRef = EE03260E2D1A280B00449084 /* Pill_CarouselApp.swift */; };
		EE0326112D1A280B00449084 /* ContentView.swift in Sources */ = {isa = PBXBuildFile; fileRef = EE0326102D1A280B00449084 /* ContentView.swift */; };
		EE0326132D1A280C00449084 /* Assets.xcassets in Resources */ = {isa = PBXBuildFile; fileRef = EE0326122D1A280C00449084 /* Assets.xcassets */; };
		EE0326162D1A280C00449084 /* Preview Assets.xcassets in Resources */ = {isa = PBXBuildFile; fileRef = EE0326152D1A280C00449084 /* Preview Assets.xcassets */; };
		EE03261E2D1A28AA00449084 /* SnowplowTracker in Frameworks */ = {isa = PBXBuildFile; productRef = EE03261D2D1A28AA00449084 /* SnowplowTracker */; };
		EE2EE1C12D3A01610009384A /* BetView.swift in Sources */ = {isa = PBXBuildFile; fileRef = EE2EE1C02D3A01610009384A /* BetView.swift */; };
		EED1DFA32D400F7B007C1C5D /* 6ddffe7a-e2e3-4022-bee0-7bb20e8335a1_0.jpeg in Resources */ = {isa = PBXBuildFile; fileRef = EED1DF9B2D400F7B007C1C5D /* 6ddffe7a-e2e3-4022-bee0-7bb20e8335a1_0.jpeg */; };
		EED1DFA42D400F7B007C1C5D /* instructions.md in Resources */ = {isa = PBXBuildFile; fileRef = EED1DFA02D400F7B007C1C5D /* instructions.md */; };
		EED1DFA52D400F7B007C1C5D /* .snowtype-lock.json in Resources */ = {isa = PBXBuildFile; fileRef = EED1DF9F2D400F7B007C1C5D /* .snowtype-lock.json */; };
		EED1DFA62D400F7B007C1C5D /* 8169f58a-8233-43f2-b5c2-df56fce03bb6_0.jpeg in Resources */ = {isa = PBXBuildFile; fileRef = EED1DF9C2D400F7B007C1C5D /* 8169f58a-8233-43f2-b5c2-df56fce03bb6_0.jpeg */; };
		EED1DFA72D400F7B007C1C5D /* b7d09847-9031-42b4-867e-a0ae7d5fecc6_0.jpeg in Resources */ = {isa = PBXBuildFile; fileRef = EED1DF9D2D400F7B007C1C5D /* b7d09847-9031-42b4-867e-a0ae7d5fecc6_0.jpeg */; };
		EED1DFA82D400F7B007C1C5D /* snowplow.swift in Sources */ = {isa = PBXBuildFile; fileRef = EED1DFA12D400F7B007C1C5D /* snowplow.swift */; };
/* End PBXBuildFile section */

/* Begin PBXFileReference section */
		EE03260B2D1A280B00449084 /* Pill Carousel.app */ = {isa = PBXFileReference; explicitFileType = wrapper.application; includeInIndex = 0; path = "Pill Carousel.app"; sourceTree = BUILT_PRODUCTS_DIR; };
		EE03260E2D1A280B00449084 /* Pill_CarouselApp.swift */ = {isa = PBXFileReference; lastKnownFileType = sourcecode.swift; path = Pill_CarouselApp.swift; sourceTree = "<group>"; };
		EE0326102D1A280B00449084 /* ContentView.swift */ = {isa = PBXFileReference; lastKnownFileType = sourcecode.swift; path = ContentView.swift; sourceTree = "<group>"; };
		EE0326122D1A280C00449084 /* Assets.xcassets */ = {isa = PBXFileReference; lastKnownFileType = folder.assetcatalog; path = Assets.xcassets; sourceTree = "<group>"; };
		EE0326152D1A280C00449084 /* Preview Assets.xcassets */ = {isa = PBXFileReference; lastKnownFileType = folder.assetcatalog; path = "Preview Assets.xcassets"; sourceTree = "<group>"; };
		EE035B4A2D1A30DA00449084 /* Pill-Carousel-Info.plist */ = {isa = PBXFileReference; lastKnownFileType = text.plist; path = "Pill-Carousel-Info.plist"; sourceTree = SOURCE_ROOT; };
		EE2EE1C02D3A01610009384A /* BetView.swift */ = {isa = PBXFileReference; lastKnownFileType = sourcecode.swift; path = BetView.swift; sourceTree = "<group>"; };
		EED1DF9B2D400F7B007C1C5D /* 6ddffe7a-e2e3-4022-bee0-7bb20e8335a1_0.jpeg */ = {isa = PBXFileReference; lastKnownFileType = image.jpeg; path = "6ddffe7a-e2e3-4022-bee0-7bb20e8335a1_0.jpeg"; sourceTree = "<group>"; };
		EED1DF9C2D400F7B007C1C5D /* 8169f58a-8233-43f2-b5c2-df56fce03bb6_0.jpeg */ = {isa = PBXFileReference; lastKnownFileType = image.jpeg; path = "8169f58a-8233-43f2-b5c2-df56fce03bb6_0.jpeg"; sourceTree = "<group>"; };
		EED1DF9D2D400F7B007C1C5D /* b7d09847-9031-42b4-867e-a0ae7d5fecc6_0.jpeg */ = {isa = PBXFileReference; lastKnownFileType = image.jpeg; path = "b7d09847-9031-42b4-867e-a0ae7d5fecc6_0.jpeg"; sourceTree = "<group>"; };
		EED1DF9F2D400F7B007C1C5D /* .snowtype-lock.json */ = {isa = PBXFileReference; lastKnownFileType = text.json; path = ".snowtype-lock.json"; sourceTree = "<group>"; };
		EED1DFA02D400F7B007C1C5D /* instructions.md */ = {isa = PBXFileReference; lastKnownFileType = net.daringfireball.markdown; path = instructions.md; sourceTree = "<group>"; };
		EED1DFA12D400F7B007C1C5D /* snowplow.swift */ = {isa = PBXFileReference; lastKnownFileType = sourcecode.swift; path = snowplow.swift; sourceTree = "<group>"; };
/* End PBXFileReference section */

/* Begin PBXFrameworksBuildPhase section */
		EE0326082D1A280B00449084 /* Frameworks */ = {
			isa = PBXFrameworksBuildPhase;
			buildActionMask = 2147483647;
			files = (
				EE03261E2D1A28AA00449084 /* SnowplowTracker in Frameworks */,
			);
			runOnlyForDeploymentPostprocessing = 0;
		};
/* End PBXFrameworksBuildPhase section */

/* Begin PBXGroup section */
		EE0326022D1A280B00449084 = {
			isa = PBXGroup;
			children = (
				EE03260D2D1A280B00449084 /* Pill Carousel */,
				EE03260C2D1A280B00449084 /* Products */,
			);
			sourceTree = "<group>";
		};
		EE03260C2D1A280B00449084 /* Products */ = {
			isa = PBXGroup;
			children = (
				EE03260B2D1A280B00449084 /* Pill Carousel.app */,
			);
			name = Products;
			sourceTree = "<group>";
		};
		EE03260D2D1A280B00449084 /* Pill Carousel */ = {
			isa = PBXGroup;
			children = (
				EE035B4A2D1A30DA00449084 /* Pill-Carousel-Info.plist */,
				EE03260E2D1A280B00449084 /* Pill_CarouselApp.swift */,
				EE0326102D1A280B00449084 /* ContentView.swift */,
				EE2EE1C02D3A01610009384A /* BetView.swift */,
				EE0326122D1A280C00449084 /* Assets.xcassets */,
				EE0326142D1A280C00449084 /* Preview Content */,
			);
			path = "Pill Carousel";
			sourceTree = "<group>";
		};
		EE0326142D1A280C00449084 /* Preview Content */ = {
			isa = PBXGroup;
			children = (
				EED1DFA22D400F7B007C1C5D /* snowtype */,
				EE0326152D1A280C00449084 /* Preview Assets.xcassets */,
			);
			path = "Preview Content";
			sourceTree = "<group>";
		};
		EED1DF9E2D400F7B007C1C5D /* assets */ = {
			isa = PBXGroup;
			children = (
				EED1DF9B2D400F7B007C1C5D /* 6ddffe7a-e2e3-4022-bee0-7bb20e8335a1_0.jpeg */,
				EED1DF9C2D400F7B007C1C5D /* 8169f58a-8233-43f2-b5c2-df56fce03bb6_0.jpeg */,
				EED1DF9D2D400F7B007C1C5D /* b7d09847-9031-42b4-867e-a0ae7d5fecc6_0.jpeg */,
			);
			path = assets;
			sourceTree = "<group>";
		};
		EED1DFA22D400F7B007C1C5D /* snowtype */ = {
			isa = PBXGroup;
			children = (
				EED1DF9E2D400F7B007C1C5D /* assets */,
				EED1DF9F2D400F7B007C1C5D /* .snowtype-lock.json */,
				EED1DFA02D400F7B007C1C5D /* instructions.md */,
				EED1DFA12D400F7B007C1C5D /* snowplow.swift */,
			);
			path = snowtype;
			sourceTree = "<group>";
		};
/* End PBXGroup section */

/* Begin PBXNativeTarget section */
		EE03260A2D1A280B00449084 /* Pill Carousel */ = {
			isa = PBXNativeTarget;
			buildConfigurationList = EE0326192D1A280C00449084 /* Build configuration list for PBXNativeTarget "Pill Carousel" */;
			buildPhases = (
				EE0326072D1A280B00449084 /* Sources */,
				EE0326082D1A280B00449084 /* Frameworks */,
				EE0326092D1A280B00449084 /* Resources */,
			);
			buildRules = (
			);
			dependencies = (
			);
			name = "Pill Carousel";
			packageProductDependencies = (
				EE03261D2D1A28AA00449084 /* SnowplowTracker */,
			);
			productName = "Pill Carousel";
			productReference = EE03260B2D1A280B00449084 /* Pill Carousel.app */;
			productType = "com.apple.product-type.application";
		};
/* End PBXNativeTarget section */

/* Begin PBXProject section */
		EE0326032D1A280B00449084 /* Project object */ = {
			isa = PBXProject;
			attributes = {
				BuildIndependentTargetsInParallel = 1;
				LastSwiftUpdateCheck = 1540;
				LastUpgradeCheck = 1540;
				TargetAttributes = {
					EE03260A2D1A280B00449084 = {
						CreatedOnToolsVersion = 15.4;
					};
				};
			};
			buildConfigurationList = EE0326062D1A280B00449084 /* Build configuration list for PBXProject "Pill Carousel" */;
			compatibilityVersion = "Xcode 14.0";
			developmentRegion = en;
			hasScannedForEncodings = 0;
			knownRegions = (
				en,
				Base,
			);
			mainGroup = EE0326022D1A280B00449084;
			packageReferences = (
				EE03261C2D1A28A900449084 /* XCRemoteSwiftPackageReference "snowplow-ios-tracker" */,
			);
			productRefGroup = EE03260C2D1A280B00449084 /* Products */;
			projectDirPath = "";
			projectRoot = "";
			targets = (
				EE03260A2D1A280B00449084 /* Pill Carousel */,
			);
		};
/* End PBXProject section */

/* Begin PBXResourcesBuildPhase section */
		EE0326092D1A280B00449084 /* Resources */ = {
			isa = PBXResourcesBuildPhase;
			buildActionMask = 2147483647;
			files = (
				EE0326162D1A280C00449084 /* Preview Assets.xcassets in Resources */,
				EED1DFA32D400F7B007C1C5D /* 6ddffe7a-e2e3-4022-bee0-7bb20e8335a1_0.jpeg in Resources */,
				EED1DFA42D400F7B007C1C5D /* instructions.md in Resources */,
				EED1DFA52D400F7B007C1C5D /* .snowtype-lock.json in Resources */,
				EED1DFA62D400F7B007C1C5D /* 8169f58a-8233-43f2-b5c2-df56fce03bb6_0.jpeg in Resources */,
				EED1DFA72D400F7B007C1C5D /* b7d09847-9031-42b4-867e-a0ae7d5fecc6_0.jpeg in Resources */,
				EE0326132D1A280C00449084 /* Assets.xcassets in Resources */,
			);
			runOnlyForDeploymentPostprocessing = 0;
		};
/* End PBXResourcesBuildPhase section */

/* Begin PBXSourcesBuildPhase section */
		EE0326072D1A280B00449084 /* Sources */ = {
			isa = PBXSourcesBuildPhase;
			buildActionMask = 2147483647;
			files = (
				EE0326112D1A280B00449084 /* ContentView.swift in Sources */,
				EE2EE1C12D3A01610009384A /* BetView.swift in Sources */,
				EED1DFA82D400F7B007C1C5D /* snowplow.swift in Sources */,
				EE03260F2D1A280B00449084 /* Pill_CarouselApp.swift in Sources */,
			);
			runOnlyForDeploymentPostprocessing = 0;
		};
/* End PBXSourcesBuildPhase section */

/* Begin XCBuildConfiguration section */
		EE0326172D1A280C00449084 /* Debug */ = {
			isa = XCBuildConfiguration;
			buildSettings = {
				ALWAYS_SEARCH_USER_PATHS = NO;
				ASSETCATALOG_COMPILER_GENERATE_SWIFT_ASSET_SYMBOL_EXTENSIONS = YES;
				CLANG_ANALYZER_NONNULL = YES;
				CLANG_ANALYZER_NUMBER_OBJECT_CONVERSION = YES_AGGRESSIVE;
				CLANG_CXX_LANGUAGE_STANDARD = "gnu++20";
				CLANG_ENABLE_MODULES = YES;
				CLANG_ENABLE_OBJC_ARC = YES;
				CLANG_ENABLE_OBJC_WEAK = YES;
				CLANG_WARN_BLOCK_CAPTURE_AUTORELEASING = YES;
				CLANG_WARN_BOOL_CONVERSION = YES;
				CLANG_WARN_COMMA = YES;
				CLANG_WARN_CONSTANT_CONVERSION = YES;
				CLANG_WARN_DEPRECATED_OBJC_IMPLEMENTATIONS = YES;
				CLANG_WARN_DIRECT_OBJC_ISA_USAGE = YES_ERROR;
				CLANG_WARN_DOCUMENTATION_COMMENTS = YES;
				CLANG_WARN_EMPTY_BODY = YES;
				CLANG_WARN_ENUM_CONVERSION = YES;
				CLANG_WARN_INFINITE_RECURSION = YES;
				CLANG_WARN_INT_CONVERSION = YES;
				CLANG_WARN_NON_LITERAL_NULL_CONVERSION = YES;
				CLANG_WARN_OBJC_IMPLICIT_RETAIN_SELF = YES;
				CLANG_WARN_OBJC_LITERAL_CONVERSION = YES;
				CLANG_WARN_OBJC_ROOT_CLASS = YES_ERROR;
				CLANG_WARN_QUOTED_INCLUDE_IN_FRAMEWORK_HEADER = YES;
				CLANG_WARN_RANGE_LOOP_ANALYSIS = YES;
				CLANG_WARN_STRICT_PROTOTYPES = YES;
				CLANG_WARN_SUSPICIOUS_MOVE = YES;
				CLANG_WARN_UNGUARDED_AVAILABILITY = YES_AGGRESSIVE;
				CLANG_WARN_UNREACHABLE_CODE = YES;
				CLANG_WARN__DUPLICATE_METHOD_MATCH = YES;
				COPY_PHASE_STRIP = NO;
				DEBUG_INFORMATION_FORMAT = dwarf;
				ENABLE_STRICT_OBJC_MSGSEND = YES;
				ENABLE_TESTABILITY = YES;
				ENABLE_USER_SCRIPT_SANDBOXING = YES;
				GCC_C_LANGUAGE_STANDARD = gnu17;
				GCC_DYNAMIC_NO_PIC = NO;
				GCC_NO_COMMON_BLOCKS = YES;
				GCC_OPTIMIZATION_LEVEL = 0;
				GCC_PREPROCESSOR_DEFINITIONS = (
					"DEBUG=1",
					"$(inherited)",
				);
				GCC_WARN_64_TO_32_BIT_CONVERSION = YES;
				GCC_WARN_ABOUT_RETURN_TYPE = YES_ERROR;
				GCC_WARN_UNDECLARED_SELECTOR = YES;
				GCC_WARN_UNINITIALIZED_AUTOS = YES_AGGRESSIVE;
				GCC_WARN_UNUSED_FUNCTION = YES;
				GCC_WARN_UNUSED_VARIABLE = YES;
				IPHONEOS_DEPLOYMENT_TARGET = 17.5;
				LOCALIZATION_PREFERS_STRING_CATALOGS = YES;
				MTL_ENABLE_DEBUG_INFO = INCLUDE_SOURCE;
				MTL_FAST_MATH = YES;
				ONLY_ACTIVE_ARCH = YES;
				SDKROOT = iphoneos;
				SWIFT_ACTIVE_COMPILATION_CONDITIONS = "DEBUG $(inherited)";
				SWIFT_OPTIMIZATION_LEVEL = "-Onone";
			};
			name = Debug;
		};
		EE0326182D1A280C00449084 /* Release */ = {
			isa = XCBuildConfiguration;
			buildSettings = {
				ALWAYS_SEARCH_USER_PATHS = NO;
				ASSETCATALOG_COMPILER_GENERATE_SWIFT_ASSET_SYMBOL_EXTENSIONS = YES;
				CLANG_ANALYZER_NONNULL = YES;
				CLANG_ANALYZER_NUMBER_OBJECT_CONVERSION = YES_AGGRESSIVE;
				CLANG_CXX_LANGUAGE_STANDARD = "gnu++20";
				CLANG_ENABLE_MODULES = YES;
				CLANG_ENABLE_OBJC_ARC = YES;
				CLANG_ENABLE_OBJC_WEAK = YES;
				CLANG_WARN_BLOCK_CAPTURE_AUTORELEASING = YES;
				CLANG_WARN_BOOL_CONVERSION = YES;
				CLANG_WARN_COMMA = YES;
				CLANG_WARN_CONSTANT_CONVERSION = YES;
				CLANG_WARN_DEPRECATED_OBJC_IMPLEMENTATIONS = YES;
				CLANG_WARN_DIRECT_OBJC_ISA_USAGE = YES_ERROR;
				CLANG_WARN_DOCUMENTATION_COMMENTS = YES;
				CLANG_WARN_EMPTY_BODY = YES;
				CLANG_WARN_ENUM_CONVERSION = YES;
				CLANG_WARN_INFINITE_RECURSION = YES;
				CLANG_WARN_INT_CONVERSION = YES;
				CLANG_WARN_NON_LITERAL_NULL_CONVERSION = YES;
				CLANG_WARN_OBJC_IMPLICIT_RETAIN_SELF = YES;
				CLANG_WARN_OBJC_LITERAL_CONVERSION = YES;
				CLANG_WARN_OBJC_ROOT_CLASS = YES_ERROR;
				CLANG_WARN_QUOTED_INCLUDE_IN_FRAMEWORK_HEADER = YES;
				CLANG_WARN_RANGE_LOOP_ANALYSIS = YES;
				CLANG_WARN_STRICT_PROTOTYPES = YES;
				CLANG_WARN_SUSPICIOUS_MOVE = YES;
				CLANG_WARN_UNGUARDED_AVAILABILITY = YES_AGGRESSIVE;
				CLANG_WARN_UNREACHABLE_CODE = YES;
				CLANG_WARN__DUPLICATE_METHOD_MATCH = YES;
				COPY_PHASE_STRIP = NO;
				DEBUG_INFORMATION_FORMAT = "dwarf-with-dsym";
				ENABLE_NS_ASSERTIONS = NO;
				ENABLE_STRICT_OBJC_MSGSEND = YES;
				ENABLE_USER_SCRIPT_SANDBOXING = YES;
				GCC_C_LANGUAGE_STANDARD = gnu17;
				GCC_NO_COMMON_BLOCKS = YES;
				GCC_WARN_64_TO_32_BIT_CONVERSION = YES;
				GCC_WARN_ABOUT_RETURN_TYPE = YES_ERROR;
				GCC_WARN_UNDECLARED_SELECTOR = YES;
				GCC_WARN_UNINITIALIZED_AUTOS = YES_AGGRESSIVE;
				GCC_WARN_UNUSED_FUNCTION = YES;
				GCC_WARN_UNUSED_VARIABLE = YES;
				IPHONEOS_DEPLOYMENT_TARGET = 17.5;
				LOCALIZATION_PREFERS_STRING_CATALOGS = YES;
				MTL_ENABLE_DEBUG_INFO = NO;
				MTL_FAST_MATH = YES;
				SDKROOT = iphoneos;
				SWIFT_COMPILATION_MODE = wholemodule;
				VALIDATE_PRODUCT = YES;
			};
			name = Release;
		};
		EE03261A2D1A280C00449084 /* Debug */ = {
			isa = XCBuildConfiguration;
			buildSettings = {
				ASSETCATALOG_COMPILER_APPICON_NAME = AppIcon;
				ASSETCATALOG_COMPILER_GLOBAL_ACCENT_COLOR_NAME = AccentColor;
				ASSETCATALOG_COMPILER_INCLUDE_ALL_APPICON_ASSETS = NO;
				CODE_SIGN_STYLE = Automatic;
				CURRENT_PROJECT_VERSION = 1;
				DEVELOPMENT_ASSET_PATHS = "\"Pill Carousel/Preview Content\"";
				ENABLE_PREVIEWS = YES;
				GENERATE_INFOPLIST_FILE = YES;
				INFOPLIST_FILE = "Pill-Carousel-Info.plist";
				INFOPLIST_KEY_UIApplicationSceneManifest_Generation = YES;
				INFOPLIST_KEY_UIApplicationSupportsIndirectInputEvents = YES;
				INFOPLIST_KEY_UILaunchScreen_Generation = YES;
				INFOPLIST_KEY_UISupportedInterfaceOrientations_iPad = "UIInterfaceOrientationPortrait UIInterfaceOrientationPortraitUpsideDown UIInterfaceOrientationLandscapeLeft UIInterfaceOrientationLandscapeRight";
				INFOPLIST_KEY_UISupportedInterfaceOrientations_iPhone = "UIInterfaceOrientationPortrait UIInterfaceOrientationLandscapeLeft UIInterfaceOrientationLandscapeRight";
				LD_RUNPATH_SEARCH_PATHS = (
					"$(inherited)",
					"@executable_path/Frameworks",
				);
				MARKETING_VERSION = 1.0;
				PRODUCT_BUNDLE_IDENTIFIER = "test.Pill-Carousel";
				PRODUCT_NAME = "$(TARGET_NAME)";
				SWIFT_EMIT_LOC_STRINGS = YES;
				SWIFT_VERSION = 5.0;
				TARGETED_DEVICE_FAMILY = "1,2";
			};
			name = Debug;
		};
		EE03261B2D1A280C00449084 /* Release */ = {
			isa = XCBuildConfiguration;
			buildSettings = {
				ASSETCATALOG_COMPILER_APPICON_NAME = AppIcon;
				ASSETCATALOG_COMPILER_GLOBAL_ACCENT_COLOR_NAME = AccentColor;
				ASSETCATALOG_COMPILER_INCLUDE_ALL_APPICON_ASSETS = NO;
				CODE_SIGN_STYLE = Automatic;
				CURRENT_PROJECT_VERSION = 1;
				DEVELOPMENT_ASSET_PATHS = "\"Pill Carousel/Preview Content\"";
				ENABLE_PREVIEWS = YES;
				GENERATE_INFOPLIST_FILE = YES;
				INFOPLIST_FILE = "Pill-Carousel-Info.plist";
				INFOPLIST_KEY_UIApplicationSceneManifest_Generation = YES;
				INFOPLIST_KEY_UIApplicationSupportsIndirectInputEvents = YES;
				INFOPLIST_KEY_UILaunchScreen_Generation = YES;
				INFOPLIST_KEY_UISupportedInterfaceOrientations_iPad = "UIInterfaceOrientationPortrait UIInterfaceOrientationPortraitUpsideDown UIInterfaceOrientationLandscapeLeft UIInterfaceOrientationLandscapeRight";
				INFOPLIST_KEY_UISupportedInterfaceOrientations_iPhone = "UIInterfaceOrientationPortrait UIInterfaceOrientationLandscapeLeft UIInterfaceOrientationLandscapeRight";
				LD_RUNPATH_SEARCH_PATHS = (
					"$(inherited)",
					"@executable_path/Frameworks",
				);
				MARKETING_VERSION = 1.0;
				PRODUCT_BUNDLE_IDENTIFIER = "test.Pill-Carousel";
				PRODUCT_NAME = "$(TARGET_NAME)";
				SWIFT_EMIT_LOC_STRINGS = YES;
				SWIFT_VERSION = 5.0;
				TARGETED_DEVICE_FAMILY = "1,2";
			};
			name = Release;
		};
/* End XCBuildConfiguration section */

/* Begin XCConfigurationList section */
		EE0326062D1A280B00449084 /* Build configuration list for PBXProject "Pill Carousel" */ = {
			isa = XCConfigurationList;
			buildConfigurations = (
				EE0326172D1A280C00449084 /* Debug */,
				EE0326182D1A280C00449084 /* Release */,
			);
			defaultConfigurationIsVisible = 0;
			defaultConfigurationName = Release;
		};
		EE0326192D1A280C00449084 /* Build configuration list for PBXNativeTarget "Pill Carousel" */ = {
			isa = XCConfigurationList;
			buildConfigurations = (
				EE03261A2D1A280C00449084 /* Debug */,
				EE03261B2D1A280C00449084 /* Release */,
			);
			defaultConfigurationIsVisible = 0;
			defaultConfigurationName = Release;
		};
/* End XCConfigurationList section */

/* Begin XCRemoteSwiftPackageReference section */
		EE03261C2D1A28A900449084 /* XCRemoteSwiftPackageReference "snowplow-ios-tracker" */ = {
			isa = XCRemoteSwiftPackageReference;
			repositoryURL = "https://github.com/snowplow/snowplow-ios-tracker";
			requirement = {
				kind = upToNextMajorVersion;
				minimumVersion = 6.0.9;
			};
		};
/* End XCRemoteSwiftPackageReference section */

/* Begin XCSwiftPackageProductDependency section */
		EE03261D2D1A28AA00449084 /* SnowplowTracker */ = {
			isa = XCSwiftPackageProductDependency;
			package = EE03261C2D1A28A900449084 /* XCRemoteSwiftPackageReference "snowplow-ios-tracker" */;
			productName = SnowplowTracker;
		};
/* End XCSwiftPackageProductDependency section */
	};
	rootObject = EE0326032D1A280B00449084 /* Project object */;
}
